# @generated by Move, please check-in and do not edit manually.

[move]
version = 3
manifest_digest = "C58AA19826DCCDB1ADCDD78569F4B285017422C3AC43C2F44C77BF13DE300CC7"
deps_digest = "F8BBB0CCB2491CA29A3DF03D6F92277A4F3574266507ACD77214D37ECA3F3082"
dependencies = [
  { id = "Sui", name = "Sui" },
]

[[move.package]]
id = "MoveStdlib"
source = { git = "https://github.com/MystenLabs/sui.git", rev = "framework/testnet", subdir = "crates/sui-framework/packages/move-stdlib" }

[[move.package]]
id = "Sui"
source = { git = "https://github.com/MystenLabs/sui.git", rev = "framework/testnet", subdir = "crates/sui-framework/packages/sui-framework" }

dependencies = [
  { id = "MoveStdlib", name = "MoveStdlib" },
]

[move.toolchain-version]
compiler-version = "1.53.1"
edition = "2024.beta"
flavor = "sui"

[env]

[env.testnet]
chain-id = "4c78adac"
original-published-id = "0x6c58f410822f84c56772fdb745f5372b5e1deec8f948feab82bc635693134b65"
latest-published-id = "0x6c58f410822f84c56772fdb745f5372b5e1deec8f948feab82bc635693134b65"
published-version = "1"
